
Microsoft Visual Studio Solution File, Format Version 12.00
# Visual Studio 14
VisualStudioVersion = 14.0.25420.1
MinimumVisualStudioVersion = 10.0.40219.1
Project("{FAE04EC0-301F-11D3-BF4B-00C04F79EFBC}") = "CodeFest.Droid", "CodeFest\CodeFest.Droid\CodeFest.Droid.csproj", "{8325A33C-8809-4A56-8AB4-A294439A84BE}"
EndProject
Project("{FAE04EC0-301F-11D3-BF4B-00C04F79EFBC}") = "CodeFest.iOS", "CodeFest\CodeFest.iOS\CodeFest.iOS.csproj", "{053D2D2C-E469-4D65-BB8A-57CB48A713D9}"
EndProject
Project("{FAE04EC0-301F-11D3-BF4B-00C04F79EFBC}") = "CodeFest.WinPhone", "CodeFest\CodeFest.WinPhone\CodeFest.WinPhone.csproj", "{477F8124-01A9-41CF-B77C-2EE8373A4955}"
EndProject
Project("{FAE04EC0-301F-11D3-BF4B-00C04F79EFBC}") = "CodeFest.Windows", "CodeFest\CodeFest.Windows\CodeFest.Windows.csproj", "{2E40F85B-F4C7-49A6-82FF-C7C6867D6E55}"
EndProject
Project("{FAE04EC0-301F-11D3-BF4B-00C04F79EFBC}") = "CodeFest", "CodeFest\CodeFest\CodeFest.csproj", "{C05A66C9-AD90-47CE-9384-891A585A4B57}"
EndProject
Global
	GlobalSection(SolutionConfigurationPlatforms) = preSolution
		Ad-Hoc|Any CPU = Ad-Hoc|Any CPU
		Ad-Hoc|ARM = Ad-Hoc|ARM
		Ad-Hoc|iPhone = Ad-Hoc|iPhone
		Ad-Hoc|iPhoneSimulator = Ad-Hoc|iPhoneSimulator
		Ad-Hoc|x64 = Ad-Hoc|x64
		Ad-Hoc|x86 = Ad-Hoc|x86
		AppStore|Any CPU = AppStore|Any CPU
		AppStore|ARM = AppStore|ARM
		AppStore|iPhone = AppStore|iPhone
		AppStore|iPhoneSimulator = AppStore|iPhoneSimulator
		AppStore|x64 = AppStore|x64
		AppStore|x86 = AppStore|x86
		Debug|Any CPU = Debug|Any CPU
		Debug|ARM = Debug|ARM
		Debug|iPhone = Debug|iPhone
		Debug|iPhoneSimulator = Debug|iPhoneSimulator
		Debug|x64 = Debug|x64
		Debug|x86 = Debug|x86
		Release|Any CPU = Release|Any CPU
		Release|ARM = Release|ARM
		Release|iPhone = Release|iPhone
		Release|iPhoneSimulator = Release|iPhoneSimulator
		Release|x64 = Release|x64
		Release|x86 = Release|x86
	EndGlobalSection
	GlobalSection(ProjectConfigurationPlatforms) = postSolution
		{8325A33C-8809-4A56-8AB4-A294439A84BE}.Ad-Hoc|Any CPU.ActiveCfg = Release|Any CPU
		{8325A33C-8809-4A56-8AB4-A294439A84BE}.Ad-Hoc|Any CPU.Build.0 = Release|Any CPU
		{8325A33C-8809-4A56-8AB4-A294439A84BE}.Ad-Hoc|Any CPU.Deploy.0 = Release|Any CPU
		{8325A33C-8809-4A56-8AB4-A294439A84BE}.Ad-Hoc|ARM.ActiveCfg = Release|Any CPU
		{8325A33C-8809-4A56-8AB4-A294439A84BE}.Ad-Hoc|ARM.Build.0 = Release|Any CPU
		{8325A33C-8809-4A56-8AB4-A294439A84BE}.Ad-Hoc|ARM.Deploy.0 = Release|Any CPU
		{8325A33C-8809-4A56-8AB4-A294439A84BE}.Ad-Hoc|iPhone.ActiveCfg = Release|Any CPU
		{8325A33C-8809-4A56-8AB4-A294439A84BE}.Ad-Hoc|iPhone.Build.0 = Release|Any CPU
		{8325A33C-8809-4A56-8AB4-A294439A84BE}.Ad-Hoc|iPhone.Deploy.0 = Release|Any CPU
		{8325A33C-8809-4A56-8AB4-A294439A84BE}.Ad-Hoc|iPhoneSimulator.ActiveCfg = Release|Any CPU
		{8325A33C-8809-4A56-8AB4-A294439A84BE}.Ad-Hoc|iPhoneSimulator.Build.0 = Release|Any CPU
		{8325A33C-8809-4A56-8AB4-A294439A84BE}.Ad-Hoc|iPhoneSimulator.Deploy.0 = Release|Any CPU
		{8325A33C-8809-4A56-8AB4-A294439A84BE}.Ad-Hoc|x64.ActiveCfg = Release|Any CPU
		{8325A33C-8809-4A56-8AB4-A294439A84BE}.Ad-Hoc|x64.Build.0 = Release|Any CPU
		{8325A33C-8809-4A56-8AB4-A294439A84BE}.Ad-Hoc|x64.Deploy.0 = Release|Any CPU
		{8325A33C-8809-4A56-8AB4-A294439A84BE}.Ad-Hoc|x86.ActiveCfg = Release|Any CPU
		{8325A33C-8809-4A56-8AB4-A294439A84BE}.Ad-Hoc|x86.Build.0 = Release|Any CPU
		{8325A33C-8809-4A56-8AB4-A294439A84BE}.Ad-Hoc|x86.Deploy.0 = Release|Any CPU
		{8325A33C-8809-4A56-8AB4-A294439A84BE}.AppStore|Any CPU.ActiveCfg = Release|Any CPU
		{8325A33C-8809-4A56-8AB4-A294439A84BE}.AppStore|Any CPU.Build.0 = Release|Any CPU
		{8325A33C-8809-4A56-8AB4-A294439A84BE}.AppStore|Any CPU.Deploy.0 = Release|Any CPU
		{8325A33C-8809-4A56-8AB4-A294439A84BE}.AppStore|ARM.ActiveCfg = Release|Any CPU
		{8325A33C-8809-4A56-8AB4-A294439A84BE}.AppStore|ARM.Build.0 = Release|Any CPU
		{8325A33C-8809-4A56-8AB4-A294439A84BE}.AppStore|ARM.Deploy.0 = Release|Any CPU
		{8325A33C-8809-4A56-8AB4-A294439A84BE}.AppStore|iPhone.ActiveCfg = Release|Any CPU
		{8325A33C-8809-4A56-8AB4-A294439A84BE}.AppStore|iPhone.Build.0 = Release|Any CPU
		{8325A33C-8809-4A56-8AB4-A294439A84BE}.AppStore|iPhone.Deploy.0 = Release|Any CPU
		{8325A33C-8809-4A56-8AB4-A294439A84BE}.AppStore|iPhoneSimulator.ActiveCfg = Release|Any CPU
		{8325A33C-8809-4A56-8AB4-A294439A84BE}.AppStore|iPhoneSimulator.Build.0 = Release|Any CPU
		{8325A33C-8809-4A56-8AB4-A294439A84BE}.AppStore|iPhoneSimulator.Deploy.0 = Release|Any CPU
		{8325A33C-8809-4A56-8AB4-A294439A84BE}.AppStore|x64.ActiveCfg = Release|Any CPU
		{8325A33C-8809-4A56-8AB4-A294439A84BE}.AppStore|x64.Build.0 = Release|Any CPU
		{8325A33C-8809-4A56-8AB4-A294439A84BE}.AppStore|x64.Deploy.0 = Release|Any CPU
		{8325A33C-8809-4A56-8AB4-A294439A84BE}.AppStore|x86.ActiveCfg = Release|Any CPU
		{8325A33C-8809-4A56-8AB4-A294439A84BE}.AppStore|x86.Build.0 = Release|Any CPU
		{8325A33C-8809-4A56-8AB4-A294439A84BE}.AppStore|x86.Deploy.0 = Release|Any CPU
		{8325A33C-8809-4A56-8AB4-A294439A84BE}.Debug|Any CPU.ActiveCfg = Debug|Any CPU
		{8325A33C-8809-4A56-8AB4-A294439A84BE}.Debug|Any CPU.Build.0 = Debug|Any CPU
		{8325A33C-8809-4A56-8AB4-A294439A84BE}.Debug|Any CPU.Deploy.0 = Debug|Any CPU
		{8325A33C-8809-4A56-8AB4-A294439A84BE}.Debug|ARM.ActiveCfg = Debug|Any CPU
		{8325A33C-8809-4A56-8AB4-A294439A84BE}.Debug|ARM.Build.0 = Debug|Any CPU
		{8325A33C-8809-4A56-8AB4-A294439A84BE}.Debug|ARM.Deploy.0 = Debug|Any CPU
		{8325A33C-8809-4A56-8AB4-A294439A84BE}.Debug|iPhone.ActiveCfg = Debug|Any CPU
		{8325A33C-8809-4A56-8AB4-A294439A84BE}.Debug|iPhone.Build.0 = Debug|Any CPU
		{8325A33C-8809-4A56-8AB4-A294439A84BE}.Debug|iPhone.Deploy.0 = Debug|Any CPU
		{8325A33C-8809-4A56-8AB4-A294439A84BE}.Debug|iPhoneSimulator.ActiveCfg = Debug|Any CPU
		{8325A33C-8809-4A56-8AB4-A294439A84BE}.Debug|iPhoneSimulator.Build.0 = Debug|Any CPU
		{8325A33C-8809-4A56-8AB4-A294439A84BE}.Debug|iPhoneSimulator.Deploy.0 = Debug|Any CPU
		{8325A33C-8809-4A56-8AB4-A294439A84BE}.Debug|x64.ActiveCfg = Debug|Any CPU
		{8325A33C-8809-4A56-8AB4-A294439A84BE}.Debug|x64.Build.0 = Debug|Any CPU
		{8325A33C-8809-4A56-8AB4-A294439A84BE}.Debug|x64.Deploy.0 = Debug|Any CPU
		{8325A33C-8809-4A56-8AB4-A294439A84BE}.Debug|x86.ActiveCfg = Debug|Any CPU
		{8325A33C-8809-4A56-8AB4-A294439A84BE}.Debug|x86.Build.0 = Debug|Any CPU
		{8325A33C-8809-4A56-8AB4-A294439A84BE}.Debug|x86.Deploy.0 = Debug|Any CPU
		{8325A33C-8809-4A56-8AB4-A294439A84BE}.Release|Any CPU.ActiveCfg = Release|Any CPU
		{8325A33C-8809-4A56-8AB4-A294439A84BE}.Release|Any CPU.Build.0 = Release|Any CPU
		{8325A33C-8809-4A56-8AB4-A294439A84BE}.Release|Any CPU.Deploy.0 = Release|Any CPU
		{8325A33C-8809-4A56-8AB4-A294439A84BE}.Release|ARM.ActiveCfg = Release|Any CPU
		{8325A33C-8809-4A56-8AB4-A294439A84BE}.Release|ARM.Build.0 = Release|Any CPU
		{8325A33C-8809-4A56-8AB4-A294439A84BE}.Release|ARM.Deploy.0 = Release|Any CPU
		{8325A33C-8809-4A56-8AB4-A294439A84BE}.Release|iPhone.ActiveCfg = Release|Any CPU
		{8325A33C-8809-4A56-8AB4-A294439A84BE}.Release|iPhone.Build.0 = Release|Any CPU
		{8325A33C-8809-4A56-8AB4-A294439A84BE}.Release|iPhone.Deploy.0 = Release|Any CPU
		{8325A33C-8809-4A56-8AB4-A294439A84BE}.Release|iPhoneSimulator.ActiveCfg = Release|Any CPU
		{8325A33C-8809-4A56-8AB4-A294439A84BE}.Release|iPhoneSimulator.Build.0 = Release|Any CPU
		{8325A33C-8809-4A56-8AB4-A294439A84BE}.Release|iPhoneSimulator.Deploy.0 = Release|Any CPU
		{8325A33C-8809-4A56-8AB4-A294439A84BE}.Release|x64.ActiveCfg = Release|Any CPU
		{8325A33C-8809-4A56-8AB4-A294439A84BE}.Release|x64.Build.0 = Release|Any CPU
		{8325A33C-8809-4A56-8AB4-A294439A84BE}.Release|x64.Deploy.0 = Release|Any CPU
		{8325A33C-8809-4A56-8AB4-A294439A84BE}.Release|x86.ActiveCfg = Release|Any CPU
		{8325A33C-8809-4A56-8AB4-A294439A84BE}.Release|x86.Build.0 = Release|Any CPU
		{8325A33C-8809-4A56-8AB4-A294439A84BE}.Release|x86.Deploy.0 = Release|Any CPU
		{053D2D2C-E469-4D65-BB8A-57CB48A713D9}.Ad-Hoc|Any CPU.ActiveCfg = Ad-Hoc|iPhone
		{053D2D2C-E469-4D65-BB8A-57CB48A713D9}.Ad-Hoc|ARM.ActiveCfg = Ad-Hoc|iPhone
		{053D2D2C-E469-4D65-BB8A-57CB48A713D9}.Ad-Hoc|iPhone.ActiveCfg = Ad-Hoc|iPhone
		{053D2D2C-E469-4D65-BB8A-57CB48A713D9}.Ad-Hoc|iPhone.Build.0 = Ad-Hoc|iPhone
		{053D2D2C-E469-4D65-BB8A-57CB48A713D9}.Ad-Hoc|iPhoneSimulator.ActiveCfg = Ad-Hoc|iPhoneSimulator
		{053D2D2C-E469-4D65-BB8A-57CB48A713D9}.Ad-Hoc|iPhoneSimulator.Build.0 = Ad-Hoc|iPhoneSimulator
		{053D2D2C-E469-4D65-BB8A-57CB48A713D9}.Ad-Hoc|x64.ActiveCfg = Ad-Hoc|iPhone
		{053D2D2C-E469-4D65-BB8A-57CB48A713D9}.Ad-Hoc|x86.ActiveCfg = Ad-Hoc|iPhone
		{053D2D2C-E469-4D65-BB8A-57CB48A713D9}.AppStore|Any CPU.ActiveCfg = AppStore|iPhone
		{053D2D2C-E469-4D65-BB8A-57CB48A713D9}.AppStore|ARM.ActiveCfg = AppStore|iPhone
		{053D2D2C-E469-4D65-BB8A-57CB48A713D9}.AppStore|iPhone.ActiveCfg = AppStore|iPhone
		{053D2D2C-E469-4D65-BB8A-57CB48A713D9}.AppStore|iPhone.Build.0 = AppStore|iPhone
		{053D2D2C-E469-4D65-BB8A-57CB48A713D9}.AppStore|iPhoneSimulator.ActiveCfg = AppStore|iPhoneSimulator
		{053D2D2C-E469-4D65-BB8A-57CB48A713D9}.AppStore|iPhoneSimulator.Build.0 = AppStore|iPhoneSimulator
		{053D2D2C-E469-4D65-BB8A-57CB48A713D9}.AppStore|x64.ActiveCfg = AppStore|iPhone
		{053D2D2C-E469-4D65-BB8A-57CB48A713D9}.AppStore|x86.ActiveCfg = AppStore|iPhone
		{053D2D2C-E469-4D65-BB8A-57CB48A713D9}.Debug|Any CPU.ActiveCfg = Debug|iPhone
		{053D2D2C-E469-4D65-BB8A-57CB48A713D9}.Debug|ARM.ActiveCfg = Debug|iPhone
		{053D2D2C-E469-4D65-BB8A-57CB48A713D9}.Debug|iPhone.ActiveCfg = Debug|iPhone
		{053D2D2C-E469-4D65-BB8A-57CB48A713D9}.Debug|iPhone.Build.0 = Debug|iPhone
		{053D2D2C-E469-4D65-BB8A-57CB48A713D9}.Debug|iPhoneSimulator.ActiveCfg = Debug|iPhoneSimulator
		{053D2D2C-E469-4D65-BB8A-57CB48A713D9}.Debug|iPhoneSimulator.Build.0 = Debug|iPhoneSimulator
		{053D2D2C-E469-4D65-BB8A-57CB48A713D9}.Debug|x64.ActiveCfg = Debug|iPhone
		{053D2D2C-E469-4D65-BB8A-57CB48A713D9}.Debug|x86.ActiveCfg = Debug|iPhone
		{053D2D2C-E469-4D65-BB8A-57CB48A713D9}.Release|Any CPU.ActiveCfg = Release|iPhone
		{053D2D2C-E469-4D65-BB8A-57CB48A713D9}.Release|ARM.ActiveCfg = Release|iPhone
		{053D2D2C-E469-4D65-BB8A-57CB48A713D9}.Release|iPhone.ActiveCfg = Release|iPhone
		{053D2D2C-E469-4D65-BB8A-57CB48A713D9}.Release|iPhone.Build.0 = Release|iPhone
		{053D2D2C-E469-4D65-BB8A-57CB48A713D9}.Release|iPhoneSimulator.ActiveCfg = Release|iPhoneSimulator
		{053D2D2C-E469-4D65-BB8A-57CB48A713D9}.Release|iPhoneSimulator.Build.0 = Release|iPhoneSimulator
		{053D2D2C-E469-4D65-BB8A-57CB48A713D9}.Release|x64.ActiveCfg = Release|iPhone
		{053D2D2C-E469-4D65-BB8A-57CB48A713D9}.Release|x86.ActiveCfg = Release|iPhone
		{477F8124-01A9-41CF-B77C-2EE8373A4955}.Ad-Hoc|Any CPU.ActiveCfg = Release|Any CPU
		{477F8124-01A9-41CF-B77C-2EE8373A4955}.Ad-Hoc|Any CPU.Build.0 = Release|Any CPU
		{477F8124-01A9-41CF-B77C-2EE8373A4955}.Ad-Hoc|Any CPU.Deploy.0 = Release|Any CPU
		{477F8124-01A9-41CF-B77C-2EE8373A4955}.Ad-Hoc|ARM.ActiveCfg = Release|ARM
		{477F8124-01A9-41CF-B77C-2EE8373A4955}.Ad-Hoc|ARM.Build.0 = Release|ARM
		{477F8124-01A9-41CF-B77C-2EE8373A4955}.Ad-Hoc|ARM.Deploy.0 = Release|ARM
		{477F8124-01A9-41CF-B77C-2EE8373A4955}.Ad-Hoc|iPhone.ActiveCfg = Release|Any CPU
		{477F8124-01A9-41CF-B77C-2EE8373A4955}.Ad-Hoc|iPhone.Build.0 = Release|Any CPU
		{477F8124-01A9-41CF-B77C-2EE8373A4955}.Ad-Hoc|iPhone.Deploy.0 = Release|Any CPU
		{477F8124-01A9-41CF-B77C-2EE8373A4955}.Ad-Hoc|iPhoneSimulator.ActiveCfg = Release|Any CPU
		{477F8124-01A9-41CF-B77C-2EE8373A4955}.Ad-Hoc|iPhoneSimulator.Build.0 = Release|Any CPU
		{477F8124-01A9-41CF-B77C-2EE8373A4955}.Ad-Hoc|iPhoneSimulator.Deploy.0 = Release|Any CPU
		{477F8124-01A9-41CF-B77C-2EE8373A4955}.Ad-Hoc|x64.ActiveCfg = Release|Any CPU
		{477F8124-01A9-41CF-B77C-2EE8373A4955}.Ad-Hoc|x64.Build.0 = Release|Any CPU
		{477F8124-01A9-41CF-B77C-2EE8373A4955}.Ad-Hoc|x64.Deploy.0 = Release|Any CPU
		{477F8124-01A9-41CF-B77C-2EE8373A4955}.Ad-Hoc|x86.ActiveCfg = Release|x86
		{477F8124-01A9-41CF-B77C-2EE8373A4955}.Ad-Hoc|x86.Build.0 = Release|x86
		{477F8124-01A9-41CF-B77C-2EE8373A4955}.Ad-Hoc|x86.Deploy.0 = Release|x86
		{477F8124-01A9-41CF-B77C-2EE8373A4955}.AppStore|Any CPU.ActiveCfg = Release|Any CPU
		{477F8124-01A9-41CF-B77C-2EE8373A4955}.AppStore|Any CPU.Build.0 = Release|Any CPU
		{477F8124-01A9-41CF-B77C-2EE8373A4955}.AppStore|Any CPU.Deploy.0 = Release|Any CPU
		{477F8124-01A9-41CF-B77C-2EE8373A4955}.AppStore|ARM.ActiveCfg = Release|ARM
		{477F8124-01A9-41CF-B77C-2EE8373A4955}.AppStore|ARM.Build.0 = Release|ARM
		{477F8124-01A9-41CF-B77C-2EE8373A4955}.AppStore|ARM.Deploy.0 = Release|ARM
		{477F8124-01A9-41CF-B77C-2EE8373A4955}.AppStore|iPhone.ActiveCfg = Release|Any CPU
		{477F8124-01A9-41CF-B77C-2EE8373A4955}.AppStore|iPhone.Build.0 = Release|Any CPU
		{477F8124-01A9-41CF-B77C-2EE8373A4955}.AppStore|iPhone.Deploy.0 = Release|Any CPU
		{477F8124-01A9-41CF-B77C-2EE8373A4955}.AppStore|iPhoneSimulator.ActiveCfg = Release|Any CPU
		{477F8124-01A9-41CF-B77C-2EE8373A4955}.AppStore|iPhoneSimulator.Build.0 = Release|Any CPU
		{477F8124-01A9-41CF-B77C-2EE8373A4955}.AppStore|iPhoneSimulator.Deploy.0 = Release|Any CPU
		{477F8124-01A9-41CF-B77C-2EE8373A4955}.AppStore|x64.ActiveCfg = Release|Any CPU
		{477F8124-01A9-41CF-B77C-2EE8373A4955}.AppStore|x64.Build.0 = Release|Any CPU
		{477F8124-01A9-41CF-B77C-2EE8373A4955}.AppStore|x64.Deploy.0 = Release|Any CPU
		{477F8124-01A9-41CF-B77C-2EE8373A4955}.AppStore|x86.ActiveCfg = Release|x86
		{477F8124-01A9-41CF-B77C-2EE8373A4955}.AppStore|x86.Build.0 = Release|x86
		{477F8124-01A9-41CF-B77C-2EE8373A4955}.AppStore|x86.Deploy.0 = Release|x86
		{477F8124-01A9-41CF-B77C-2EE8373A4955}.Debug|Any CPU.ActiveCfg = Debug|Any CPU
		{477F8124-01A9-41CF-B77C-2EE8373A4955}.Debug|Any CPU.Build.0 = Debug|Any CPU
		{477F8124-01A9-41CF-B77C-2EE8373A4955}.Debug|Any CPU.Deploy.0 = Debug|Any CPU
		{477F8124-01A9-41CF-B77C-2EE8373A4955}.Debug|ARM.ActiveCfg = Debug|ARM
		{477F8124-01A9-41CF-B77C-2EE8373A4955}.Debug|ARM.Build.0 = Debug|ARM
		{477F8124-01A9-41CF-B77C-2EE8373A4955}.Debug|ARM.Deploy.0 = Debug|ARM
		{477F8124-01A9-41CF-B77C-2EE8373A4955}.Debug|iPhone.ActiveCfg = Debug|Any CPU
		{477F8124-01A9-41CF-B77C-2EE8373A4955}.Debug|iPhone.Build.0 = Debug|Any CPU
		{477F8124-01A9-41CF-B77C-2EE8373A4955}.Debug|iPhone.Deploy.0 = Debug|Any CPU
		{477F8124-01A9-41CF-B77C-2EE8373A4955}.Debug|iPhoneSimulator.ActiveCfg = Debug|Any CPU
		{477F8124-01A9-41CF-B77C-2EE8373A4955}.Debug|iPhoneSimulator.Build.0 = Debug|Any CPU
		{477F8124-01A9-41CF-B77C-2EE8373A4955}.Debug|iPhoneSimulator.Deploy.0 = Debug|Any CPU
		{477F8124-01A9-41CF-B77C-2EE8373A4955}.Debug|x64.ActiveCfg = Debug|Any CPU
		{477F8124-01A9-41CF-B77C-2EE8373A4955}.Debug|x64.Build.0 = Debug|Any CPU
		{477F8124-01A9-41CF-B77C-2EE8373A4955}.Debug|x64.Deploy.0 = Debug|Any CPU
		{477F8124-01A9-41CF-B77C-2EE8373A4955}.Debug|x86.ActiveCfg = Debug|x86
		{477F8124-01A9-41CF-B77C-2EE8373A4955}.Debug|x86.Build.0 = Debug|x86
		{477F8124-01A9-41CF-B77C-2EE8373A4955}.Debug|x86.Deploy.0 = Debug|x86
		{477F8124-01A9-41CF-B77C-2EE8373A4955}.Release|Any CPU.ActiveCfg = Release|Any CPU
		{477F8124-01A9-41CF-B77C-2EE8373A4955}.Release|Any CPU.Build.0 = Release|Any CPU
		{477F8124-01A9-41CF-B77C-2EE8373A4955}.Release|Any CPU.Deploy.0 = Release|Any CPU
		{477F8124-01A9-41CF-B77C-2EE8373A4955}.Release|ARM.ActiveCfg = Release|ARM
		{477F8124-01A9-41CF-B77C-2EE8373A4955}.Release|ARM.Build.0 = Release|ARM
		{477F8124-01A9-41CF-B77C-2EE8373A4955}.Release|ARM.Deploy.0 = Release|ARM
		{477F8124-01A9-41CF-B77C-2EE8373A4955}.Release|iPhone.ActiveCfg = Release|Any CPU
		{477F8124-01A9-41CF-B77C-2EE8373A4955}.Release|iPhone.Build.0 = Release|Any CPU
		{477F8124-01A9-41CF-B77C-2EE8373A4955}.Release|iPhone.Deploy.0 = Release|Any CPU
		{477F8124-01A9-41CF-B77C-2EE8373A4955}.Release|iPhoneSimulator.ActiveCfg = Release|Any CPU
		{477F8124-01A9-41CF-B77C-2EE8373A4955}.Release|iPhoneSimulator.Build.0 = Release|Any CPU
		{477F8124-01A9-41CF-B77C-2EE8373A4955}.Release|iPhoneSimulator.Deploy.0 = Release|Any CPU
		{477F8124-01A9-41CF-B77C-2EE8373A4955}.Release|x64.ActiveCfg = Release|Any CPU
		{477F8124-01A9-41CF-B77C-2EE8373A4955}.Release|x64.Build.0 = Release|Any CPU
		{477F8124-01A9-41CF-B77C-2EE8373A4955}.Release|x64.Deploy.0 = Release|Any CPU
		{477F8124-01A9-41CF-B77C-2EE8373A4955}.Release|x86.ActiveCfg = Release|x86
		{477F8124-01A9-41CF-B77C-2EE8373A4955}.Release|x86.Build.0 = Release|x86
		{477F8124-01A9-41CF-B77C-2EE8373A4955}.Release|x86.Deploy.0 = Release|x86
		{2E40F85B-F4C7-49A6-82FF-C7C6867D6E55}.Ad-Hoc|Any CPU.ActiveCfg = Release|Any CPU
		{2E40F85B-F4C7-49A6-82FF-C7C6867D6E55}.Ad-Hoc|Any CPU.Build.0 = Release|Any CPU
		{2E40F85B-F4C7-49A6-82FF-C7C6867D6E55}.Ad-Hoc|Any CPU.Deploy.0 = Release|Any CPU
		{2E40F85B-F4C7-49A6-82FF-C7C6867D6E55}.Ad-Hoc|ARM.ActiveCfg = Release|ARM
		{2E40F85B-F4C7-49A6-82FF-C7C6867D6E55}.Ad-Hoc|ARM.Build.0 = Release|ARM
		{2E40F85B-F4C7-49A6-82FF-C7C6867D6E55}.Ad-Hoc|ARM.Deploy.0 = Release|ARM
		{2E40F85B-F4C7-49A6-82FF-C7C6867D6E55}.Ad-Hoc|iPhone.ActiveCfg = Release|Any CPU
		{2E40F85B-F4C7-49A6-82FF-C7C6867D6E55}.Ad-Hoc|iPhone.Build.0 = Release|Any CPU
		{2E40F85B-F4C7-49A6-82FF-C7C6867D6E55}.Ad-Hoc|iPhone.Deploy.0 = Release|Any CPU
		{2E40F85B-F4C7-49A6-82FF-C7C6867D6E55}.Ad-Hoc|iPhoneSimulator.ActiveCfg = Release|Any CPU
		{2E40F85B-F4C7-49A6-82FF-C7C6867D6E55}.Ad-Hoc|iPhoneSimulator.Build.0 = Release|Any CPU
		{2E40F85B-F4C7-49A6-82FF-C7C6867D6E55}.Ad-Hoc|iPhoneSimulator.Deploy.0 = Release|Any CPU
		{2E40F85B-F4C7-49A6-82FF-C7C6867D6E55}.Ad-Hoc|x64.ActiveCfg = Release|x64
		{2E40F85B-F4C7-49A6-82FF-C7C6867D6E55}.Ad-Hoc|x64.Build.0 = Release|x64
		{2E40F85B-F4C7-49A6-82FF-C7C6867D6E55}.Ad-Hoc|x64.Deploy.0 = Release|x64
		{2E40F85B-F4C7-49A6-82FF-C7C6867D6E55}.Ad-Hoc|x86.ActiveCfg = Release|x86
		{2E40F85B-F4C7-49A6-82FF-C7C6867D6E55}.Ad-Hoc|x86.Build.0 = Release|x86
		{2E40F85B-F4C7-49A6-82FF-C7C6867D6E55}.Ad-Hoc|x86.Deploy.0 = Release|x86
		{2E40F85B-F4C7-49A6-82FF-C7C6867D6E55}.AppStore|Any CPU.ActiveCfg = Release|Any CPU
		{2E40F85B-F4C7-49A6-82FF-C7C6867D6E55}.AppStore|Any CPU.Build.0 = Release|Any CPU
		{2E40F85B-F4C7-49A6-82FF-C7C6867D6E55}.AppStore|Any CPU.Deploy.0 = Release|Any CPU
		{2E40F85B-F4C7-49A6-82FF-C7C6867D6E55}.AppStore|ARM.ActiveCfg = Release|ARM
		{2E40F85B-F4C7-49A6-82FF-C7C6867D6E55}.AppStore|ARM.Build.0 = Release|ARM
		{2E40F85B-F4C7-49A6-82FF-C7C6867D6E55}.AppStore|ARM.Deploy.0 = Release|ARM
		{2E40F85B-F4C7-49A6-82FF-C7C6867D6E55}.AppStore|iPhone.ActiveCfg = Release|Any CPU
		{2E40F85B-F4C7-49A6-82FF-C7C6867D6E55}.AppStore|iPhone.Build.0 = Release|Any CPU
		{2E40F85B-F4C7-49A6-82FF-C7C6867D6E55}.AppStore|iPhone.Deploy.0 = Release|Any CPU
		{2E40F85B-F4C7-49A6-82FF-C7C6867D6E55}.AppStore|iPhoneSimulator.ActiveCfg = Release|Any CPU
		{2E40F85B-F4C7-49A6-82FF-C7C6867D6E55}.AppStore|iPhoneSimulator.Build.0 = Release|Any CPU
		{2E40F85B-F4C7-49A6-82FF-C7C6867D6E55}.AppStore|iPhoneSimulator.Deploy.0 = Release|Any CPU
		{2E40F85B-F4C7-49A6-82FF-C7C6867D6E55}.AppStore|x64.ActiveCfg = Release|x64
		{2E40F85B-F4C7-49A6-82FF-C7C6867D6E55}.AppStore|x64.Build.0 = Release|x64
		{2E40F85B-F4C7-49A6-82FF-C7C6867D6E55}.AppStore|x64.Deploy.0 = Release|x64
		{2E40F85B-F4C7-49A6-82FF-C7C6867D6E55}.AppStore|x86.ActiveCfg = Release|x86
		{2E40F85B-F4C7-49A6-82FF-C7C6867D6E55}.AppStore|x86.Build.0 = Release|x86
		{2E40F85B-F4C7-49A6-82FF-C7C6867D6E55}.AppStore|x86.Deploy.0 = Release|x86
		{2E40F85B-F4C7-49A6-82FF-C7C6867D6E55}.Debug|Any CPU.ActiveCfg = Debug|Any CPU
		{2E40F85B-F4C7-49A6-82FF-C7C6867D6E55}.Debug|Any CPU.Build.0 = Debug|Any CPU
		{2E40F85B-F4C7-49A6-82FF-C7C6867D6E55}.Debug|Any CPU.Deploy.0 = Debug|Any CPU
		{2E40F85B-F4C7-49A6-82FF-C7C6867D6E55}.Debug|ARM.ActiveCfg = Debug|ARM
		{2E40F85B-F4C7-49A6-82FF-C7C6867D6E55}.Debug|ARM.Build.0 = Debug|ARM
		{2E40F85B-F4C7-49A6-82FF-C7C6867D6E55}.Debug|ARM.Deploy.0 = Debug|ARM
		{2E40F85B-F4C7-49A6-82FF-C7C6867D6E55}.Debug|iPhone.ActiveCfg = Debug|Any CPU
		{2E40F85B-F4C7-49A6-82FF-C7C6867D6E55}.Debug|iPhone.Build.0 = Debug|Any CPU
		{2E40F85B-F4C7-49A6-82FF-C7C6867D6E55}.Debug|iPhone.Deploy.0 = Debug|Any CPU
		{2E40F85B-F4C7-49A6-82FF-C7C6867D6E55}.Debug|iPhoneSimulator.ActiveCfg = Debug|Any CPU
		{2E40F85B-F4C7-49A6-82FF-C7C6867D6E55}.Debug|iPhoneSimulator.Build.0 = Debug|Any CPU
		{2E40F85B-F4C7-49A6-82FF-C7C6867D6E55}.Debug|iPhoneSimulator.Deploy.0 = Debug|Any CPU
		{2E40F85B-F4C7-49A6-82FF-C7C6867D6E55}.Debug|x64.ActiveCfg = Debug|x64
		{2E40F85B-F4C7-49A6-82FF-C7C6867D6E55}.Debug|x64.Build.0 = Debug|x64
		{2E40F85B-F4C7-49A6-82FF-C7C6867D6E55}.Debug|x64.Deploy.0 = Debug|x64
		{2E40F85B-F4C7-49A6-82FF-C7C6867D6E55}.Debug|x86.ActiveCfg = Debug|x86
		{2E40F85B-F4C7-49A6-82FF-C7C6867D6E55}.Debug|x86.Build.0 = Debug|x86
		{2E40F85B-F4C7-49A6-82FF-C7C6867D6E55}.Debug|x86.Deploy.0 = Debug|x86
		{2E40F85B-F4C7-49A6-82FF-C7C6867D6E55}.Release|Any CPU.ActiveCfg = Release|Any CPU
		{2E40F85B-F4C7-49A6-82FF-C7C6867D6E55}.Release|Any CPU.Build.0 = Release|Any CPU
		{2E40F85B-F4C7-49A6-82FF-C7C6867D6E55}.Release|Any CPU.Deploy.0 = Release|Any CPU
		{2E40F85B-F4C7-49A6-82FF-C7C6867D6E55}.Release|ARM.ActiveCfg = Release|ARM
		{2E40F85B-F4C7-49A6-82FF-C7C6867D6E55}.Release|ARM.Build.0 = Release|ARM
		{2E40F85B-F4C7-49A6-82FF-C7C6867D6E55}.Release|ARM.Deploy.0 = Release|ARM
		{2E40F85B-F4C7-49A6-82FF-C7C6867D6E55}.Release|iPhone.ActiveCfg = Release|Any CPU
		{2E40F85B-F4C7-49A6-82FF-C7C6867D6E55}.Release|iPhone.Build.0 = Release|Any CPU
		{2E40F85B-F4C7-49A6-82FF-C7C6867D6E55}.Release|iPhone.Deploy.0 = Release|Any CPU
		{2E40F85B-F4C7-49A6-82FF-C7C6867D6E55}.Release|iPhoneSimulator.ActiveCfg = Release|Any CPU
		{2E40F85B-F4C7-49A6-82FF-C7C6867D6E55}.Release|iPhoneSimulator.Build.0 = Release|Any CPU
		{2E40F85B-F4C7-49A6-82FF-C7C6867D6E55}.Release|iPhoneSimulator.Deploy.0 = Release|Any CPU
		{2E40F85B-F4C7-49A6-82FF-C7C6867D6E55}.Release|x64.ActiveCfg = Release|x64
		{2E40F85B-F4C7-49A6-82FF-C7C6867D6E55}.Release|x64.Build.0 = Release|x64
		{2E40F85B-F4C7-49A6-82FF-C7C6867D6E55}.Release|x64.Deploy.0 = Release|x64
		{2E40F85B-F4C7-49A6-82FF-C7C6867D6E55}.Release|x86.ActiveCfg = Release|x86
		{2E40F85B-F4C7-49A6-82FF-C7C6867D6E55}.Release|x86.Build.0 = Release|x86
		{2E40F85B-F4C7-49A6-82FF-C7C6867D6E55}.Release|x86.Deploy.0 = Release|x86
		{C05A66C9-AD90-47CE-9384-891A585A4B57}.Ad-Hoc|Any CPU.ActiveCfg = Release|Any CPU
		{C05A66C9-AD90-47CE-9384-891A585A4B57}.Ad-Hoc|Any CPU.Build.0 = Release|Any CPU
		{C05A66C9-AD90-47CE-9384-891A585A4B57}.Ad-Hoc|ARM.ActiveCfg = Release|Any CPU
		{C05A66C9-AD90-47CE-9384-891A585A4B57}.Ad-Hoc|ARM.Build.0 = Release|Any CPU
		{C05A66C9-AD90-47CE-9384-891A585A4B57}.Ad-Hoc|iPhone.ActiveCfg = Release|Any CPU
		{C05A66C9-AD90-47CE-9384-891A585A4B57}.Ad-Hoc|iPhone.Build.0 = Release|Any CPU
		{C05A66C9-AD90-47CE-9384-891A585A4B57}.Ad-Hoc|iPhoneSimulator.ActiveCfg = Release|Any CPU
		{C05A66C9-AD90-47CE-9384-891A585A4B57}.Ad-Hoc|iPhoneSimulator.Build.0 = Release|Any CPU
		{C05A66C9-AD90-47CE-9384-891A585A4B57}.Ad-Hoc|x64.ActiveCfg = Release|Any CPU
		{C05A66C9-AD90-47CE-9384-891A585A4B57}.Ad-Hoc|x64.Build.0 = Release|Any CPU
		{C05A66C9-AD90-47CE-9384-891A585A4B57}.Ad-Hoc|x86.ActiveCfg = Release|Any CPU
		{C05A66C9-AD90-47CE-9384-891A585A4B57}.Ad-Hoc|x86.Build.0 = Release|Any CPU
		{C05A66C9-AD90-47CE-9384-891A585A4B57}.AppStore|Any CPU.ActiveCfg = Release|Any CPU
		{C05A66C9-AD90-47CE-9384-891A585A4B57}.AppStore|Any CPU.Build.0 = Release|Any CPU
		{C05A66C9-AD90-47CE-9384-891A585A4B57}.AppStore|ARM.ActiveCfg = Release|Any CPU
		{C05A66C9-AD90-47CE-9384-891A585A4B57}.AppStore|ARM.Build.0 = Release|Any CPU
		{C05A66C9-AD90-47CE-9384-891A585A4B57}.AppStore|iPhone.ActiveCfg = Release|Any CPU
		{C05A66C9-AD90-47CE-9384-891A585A4B57}.AppStore|iPhone.Build.0 = Release|Any CPU
		{C05A66C9-AD90-47CE-9384-891A585A4B57}.AppStore|iPhoneSimulator.ActiveCfg = Release|Any CPU
		{C05A66C9-AD90-47CE-9384-891A585A4B57}.AppStore|iPhoneSimulator.Build.0 = Release|Any CPU
		{C05A66C9-AD90-47CE-9384-891A585A4B57}.AppStore|x64.ActiveCfg = Release|Any CPU
		{C05A66C9-AD90-47CE-9384-891A585A4B57}.AppStore|x64.Build.0 = Release|Any CPU
		{C05A66C9-AD90-47CE-9384-891A585A4B57}.AppStore|x86.ActiveCfg = Release|Any CPU
		{C05A66C9-AD90-47CE-9384-891A585A4B57}.AppStore|x86.Build.0 = Release|Any CPU
		{C05A66C9-AD90-47CE-9384-891A585A4B57}.Debug|Any CPU.ActiveCfg = Debug|Any CPU
		{C05A66C9-AD90-47CE-9384-891A585A4B57}.Debug|Any CPU.Build.0 = Debug|Any CPU
		{C05A66C9-AD90-47CE-9384-891A585A4B57}.Debug|ARM.ActiveCfg = Debug|Any CPU
		{C05A66C9-AD90-47CE-9384-891A585A4B57}.Debug|ARM.Build.0 = Debug|Any CPU
		{C05A66C9-AD90-47CE-9384-891A585A4B57}.Debug|iPhone.ActiveCfg = Debug|Any CPU
		{C05A66C9-AD90-47CE-9384-891A585A4B57}.Debug|iPhone.Build.0 = Debug|Any CPU
		{C05A66C9-AD90-47CE-9384-891A585A4B57}.Debug|iPhoneSimulator.ActiveCfg = Debug|Any CPU
		{C05A66C9-AD90-47CE-9384-891A585A4B57}.Debug|iPhoneSimulator.Build.0 = Debug|Any CPU
		{C05A66C9-AD90-47CE-9384-891A585A4B57}.Debug|x64.ActiveCfg = Debug|Any CPU
		{C05A66C9-AD90-47CE-9384-891A585A4B57}.Debug|x64.Build.0 = Debug|Any CPU
		{C05A66C9-AD90-47CE-9384-891A585A4B57}.Debug|x86.ActiveCfg = Debug|Any CPU
		{C05A66C9-AD90-47CE-9384-891A585A4B57}.Debug|x86.Build.0 = Debug|Any CPU
		{C05A66C9-AD90-47CE-9384-891A585A4B57}.Release|Any CPU.ActiveCfg = Release|Any CPU
		{C05A66C9-AD90-47CE-9384-891A585A4B57}.Release|Any CPU.Build.0 = Release|Any CPU
		{C05A66C9-AD90-47CE-9384-891A585A4B57}.Release|ARM.ActiveCfg = Release|Any CPU
		{C05A66C9-AD90-47CE-9384-891A585A4B57}.Release|ARM.Build.0 = Release|Any CPU
		{C05A66C9-AD90-47CE-9384-891A585A4B57}.Release|iPhone.ActiveCfg = Release|Any CPU
		{C05A66C9-AD90-47CE-9384-891A585A4B57}.Release|iPhone.Build.0 = Release|Any CPU
		{C05A66C9-AD90-47CE-9384-891A585A4B57}.Release|iPhoneSimulator.ActiveCfg = Release|Any CPU
		{C05A66C9-AD90-47CE-9384-891A585A4B57}.Release|iPhoneSimulator.Build.0 = Release|Any CPU
		{C05A66C9-AD90-47CE-9384-891A585A4B57}.Release|x64.ActiveCfg = Release|Any CPU
		{C05A66C9-AD90-47CE-9384-891A585A4B57}.Release|x64.Build.0 = Release|Any CPU
		{C05A66C9-AD90-47CE-9384-891A585A4B57}.Release|x86.ActiveCfg = Release|Any CPU
		{C05A66C9-AD90-47CE-9384-891A585A4B57}.Release|x86.Build.0 = Release|Any CPU
	EndGlobalSection
	GlobalSection(SolutionProperties) = preSolution
		HideSolutionNode = FALSE
	EndGlobalSection
EndGlobal
